// !$*UTF8*$!
{
	archiveVersion = 1;
	classes = {
	};
	objectVersion = 46;
	objects = {

/* Begin PBXBuildFile section */
		C350585D18E8D1B800D8B141 /* Foundation.framework in Frameworks */ = {isa = PBXBuildFile; fileRef = C350585C18E8D1B800D8B141 /* Foundation.framework */; };
		C350585F18E8D1B800D8B141 /* CoreGraphics.framework in Frameworks */ = {isa = PBXBuildFile; fileRef = C350585E18E8D1B800D8B141 /* CoreGraphics.framework */; };
		C350586118E8D1B800D8B141 /* UIKit.framework in Frameworks */ = {isa = PBXBuildFile; fileRef = C350586018E8D1B800D8B141 /* UIKit.framework */; };
		C350586718E8D1B800D8B141 /* InfoPlist.strings in Resources */ = {isa = PBXBuildFile; fileRef = C350586518E8D1B800D8B141 /* InfoPlist.strings */; };
		C350586918E8D1B800D8B141 /* main.m in Sources */ = {isa = PBXBuildFile; fileRef = C350586818E8D1B800D8B141 /* main.m */; };
		C350586D18E8D1B800D8B141 /* FLXAppDelegate.m in Sources */ = {isa = PBXBuildFile; fileRef = C350586C18E8D1B800D8B141 /* FLXAppDelegate.m */; };
		C350587018E8D1B800D8B141 /* Main.storyboard in Resources */ = {isa = PBXBuildFile; fileRef = C350586E18E8D1B800D8B141 /* Main.storyboard */; };
		C350587318E8D1B800D8B141 /* FLXViewController.m in Sources */ = {isa = PBXBuildFile; fileRef = C350587218E8D1B800D8B141 /* FLXViewController.m */; };
		C350587C18E8D1B900D8B141 /* XCTest.framework in Frameworks */ = {isa = PBXBuildFile; fileRef = C350587B18E8D1B900D8B141 /* XCTest.framework */; };
		C350587D18E8D1B900D8B141 /* Foundation.framework in Frameworks */ = {isa = PBXBuildFile; fileRef = C350585C18E8D1B800D8B141 /* Foundation.framework */; };
		C350587E18E8D1B900D8B141 /* UIKit.framework in Frameworks */ = {isa = PBXBuildFile; fileRef = C350586018E8D1B800D8B141 /* UIKit.framework */; };
		C350588618E8D1B900D8B141 /* InfoPlist.strings in Resources */ = {isa = PBXBuildFile; fileRef = C350588418E8D1B900D8B141 /* InfoPlist.strings */; };
		C350588818E8D1B900D8B141 /* WildKingdomTests.m in Sources */ = {isa = PBXBuildFile; fileRef = C350588718E8D1B900D8B141 /* WildKingdomTests.m */; };
		C363D76D18E8D9CA0089B22E /* Images.xcassets in Resources */ = {isa = PBXBuildFile; fileRef = C363D76C18E8D9CA0089B22E /* Images.xcassets */; };
/* End PBXBuildFile section */

/* Begin PBXContainerItemProxy section */
		C350587F18E8D1B900D8B141 /* PBXContainerItemProxy */ = {
			isa = PBXContainerItemProxy;
			containerPortal = C350585118E8D1B800D8B141 /* Project object */;
			proxyType = 1;
			remoteGlobalIDString = C350585818E8D1B800D8B141;
			remoteInfo = WildKingdom;
		};
/* End PBXContainerItemProxy section */

/* Begin PBXFileReference section */
		C350585918E8D1B800D8B141 /* WildKingdom.app */ = {isa = PBXFileReference; explicitFileType = wrapper.application; includeInIndex = 0; path = WildKingdom.app; sourceTree = BUILT_PRODUCTS_DIR; };
		C350585C18E8D1B800D8B141 /* Foundation.framework */ = {isa = PBXFileReference; lastKnownFileType = wrapper.framework; name = Foundation.framework; path = System/Library/Frameworks/Foundation.framework; sourceTree = SDKROOT; };
		C350585E18E8D1B800D8B141 /* CoreGraphics.framework */ = {isa = PBXFileReference; lastKnownFileType = wrapper.framework; name = CoreGraphics.framework; path = System/Library/Frameworks/CoreGraphics.framework; sourceTree = SDKROOT; };
		C350586018E8D1B800D8B141 /* UIKit.framework */ = {isa = PBXFileReference; lastKnownFileType = wrapper.framework; name = UIKit.framework; path = System/Library/Frameworks/UIKit.framework; sourceTree = SDKROOT; };
		C350586418E8D1B800D8B141 /* WildKingdom-Info.plist */ = {isa = PBXFileReference; lastKnownFileType = text.plist.xml; path = "WildKingdom-Info.plist"; sourceTree = "<group>"; };
		C350586618E8D1B800D8B141 /* en */ = {isa = PBXFileReference; lastKnownFileType = text.plist.strings; name = en; path = en.lproj/InfoPlist.strings; sourceTree = "<group>"; };
		C350586818E8D1B800D8B141 /* main.m */ = {isa = PBXFileReference; lastKnownFileType = sourcecode.c.objc; path = main.m; sourceTree = "<group>"; };
		C350586A18E8D1B800D8B141 /* WildKingdom-Prefix.pch */ = {isa = PBXFileReference; lastKnownFileType = sourcecode.c.h; path = "WildKingdom-Prefix.pch"; sourceTree = "<group>"; };
		C350586B18E8D1B800D8B141 /* FLXAppDelegate.h */ = {isa = PBXFileReference; lastKnownFileType = sourcecode.c.h; path = FLXAppDelegate.h; sourceTree = "<group>"; };
		C350586C18E8D1B800D8B141 /* FLXAppDelegate.m */ = {isa = PBXFileReference; lastKnownFileType = sourcecode.c.objc; path = FLXAppDelegate.m; sourceTree = "<group>"; };
		C350586F18E8D1B800D8B141 /* Base */ = {isa = PBXFileReference; lastKnownFileType = file.storyboard; name = Base; path = Base.lproj/Main.storyboard; sourceTree = "<group>"; };
		C350587118E8D1B800D8B141 /* FLXViewController.h */ = {isa = PBXFileReference; lastKnownFileType = sourcecode.c.h; path = FLXViewController.h; sourceTree = "<group>"; };
		C350587218E8D1B800D8B141 /* FLXViewController.m */ = {isa = PBXFileReference; lastKnownFileType = sourcecode.c.objc; path = FLXViewController.m; sourceTree = "<group>"; };
		C350587A18E8D1B900D8B141 /* WildKingdomTests.xctest */ = {isa = PBXFileReference; explicitFileType = wrapper.cfbundle; includeInIndex = 0; path = WildKingdomTests.xctest; sourceTree = BUILT_PRODUCTS_DIR; };
		C350587B18E8D1B900D8B141 /* XCTest.framework */ = {isa = PBXFileReference; lastKnownFileType = wrapper.framework; name = XCTest.framework; path = Library/Frameworks/XCTest.framework; sourceTree = DEVELOPER_DIR; };
		C350588318E8D1B900D8B141 /* WildKingdomTests-Info.plist */ = {isa = PBXFileReference; lastKnownFileType = text.plist.xml; path = "WildKingdomTests-Info.plist"; sourceTree = "<group>"; };
		C350588518E8D1B900D8B141 /* en */ = {isa = PBXFileReference; lastKnownFileType = text.plist.strings; name = en; path = en.lproj/InfoPlist.strings; sourceTree = "<group>"; };
		C350588718E8D1B900D8B141 /* WildKingdomTests.m */ = {isa = PBXFileReference; lastKnownFileType = sourcecode.c.objc; path = WildKingdomTests.m; sourceTree = "<group>"; };
		C363D76C18E8D9CA0089B22E /* Images.xcassets */ = {isa = PBXFileReference; lastKnownFileType = folder.assetcatalog; path = Images.xcassets; sourceTree = "<group>"; };
/* End PBXFileReference section */

/* Begin PBXFrameworksBuildPhase section */
		C350585618E8D1B800D8B141 /* Frameworks */ = {
			isa = PBXFrameworksBuildPhase;
			buildActionMask = 2147483647;
			files = (
				C350585F18E8D1B800D8B141 /* CoreGraphics.framework in Frameworks */,
				C350586118E8D1B800D8B141 /* UIKit.framework in Frameworks */,
				C350585D18E8D1B800D8B141 /* Foundation.framework in Frameworks */,
			);
			runOnlyForDeploymentPostprocessing = 0;
		};
		C350587718E8D1B900D8B141 /* Frameworks */ = {
			isa = PBXFrameworksBuildPhase;
			buildActionMask = 2147483647;
			files = (
				C350587C18E8D1B900D8B141 /* XCTest.framework in Frameworks */,
				C350587E18E8D1B900D8B141 /* UIKit.framework in Frameworks */,
				C350587D18E8D1B900D8B141 /* Foundation.framework in Frameworks */,
			);
			runOnlyForDeploymentPostprocessing = 0;
		};
/* End PBXFrameworksBuildPhase section */

/* Begin PBXGroup section */
		C350585018E8D1B800D8B141 = {
			isa = PBXGroup;
			children = (
				C350586218E8D1B800D8B141 /* WildKingdom */,
				C350588118E8D1B900D8B141 /* WildKingdomTests */,
				C350585B18E8D1B800D8B141 /* Frameworks */,
				C350585A18E8D1B800D8B141 /* Products */,
			);
			sourceTree = "<group>";
		};
		C350585A18E8D1B800D8B141 /* Products */ = {
			isa = PBXGroup;
			children = (
				C350585918E8D1B800D8B141 /* WildKingdom.app */,
				C350587A18E8D1B900D8B141 /* WildKingdomTests.xctest */,
			);
			name = Products;
			sourceTree = "<group>";
		};
		C350585B18E8D1B800D8B141 /* Frameworks */ = {
			isa = PBXGroup;
			children = (
				C350585C18E8D1B800D8B141 /* Foundation.framework */,
				C350585E18E8D1B800D8B141 /* CoreGraphics.framework */,
				C350586018E8D1B800D8B141 /* UIKit.framework */,
				C350587B18E8D1B900D8B141 /* XCTest.framework */,
			);
			name = Frameworks;
			sourceTree = "<group>";
		};
		C350586218E8D1B800D8B141 /* WildKingdom */ = {
			isa = PBXGroup;
			children = (
				C363D76C18E8D9CA0089B22E /* Images.xcassets */,
				C350586B18E8D1B800D8B141 /* FLXAppDelegate.h */,
				C350586C18E8D1B800D8B141 /* FLXAppDelegate.m */,
				C350586E18E8D1B800D8B141 /* Main.storyboard */,
				C350587118E8D1B800D8B141 /* FLXViewController.h */,
				C350587218E8D1B800D8B141 /* FLXViewController.m */,
				C350586318E8D1B800D8B141 /* Supporting Files */,
			);
			path = WildKingdom;
			sourceTree = "<group>";
		};
		C350586318E8D1B800D8B141 /* Supporting Files */ = {
			isa = PBXGroup;
			children = (
				C350586418E8D1B800D8B141 /* WildKingdom-Info.plist */,
				C350586518E8D1B800D8B141 /* InfoPlist.strings */,
				C350586818E8D1B800D8B141 /* main.m */,
				C350586A18E8D1B800D8B141 /* WildKingdom-Prefix.pch */,
			);
			name = "Supporting Files";
			sourceTree = "<group>";
		};
		C350588118E8D1B900D8B141 /* WildKingdomTests */ = {
			isa = PBXGroup;
			children = (
				C350588718E8D1B900D8B141 /* WildKingdomTests.m */,
				C350588218E8D1B900D8B141 /* Supporting Files */,
			);
			path = WildKingdomTests;
			sourceTree = "<group>";
		};
		C350588218E8D1B900D8B141 /* Supporting Files */ = {
			isa = PBXGroup;
			children = (
				C350588318E8D1B900D8B141 /* WildKingdomTests-Info.plist */,
				C350588418E8D1B900D8B141 /* InfoPlist.strings */,
			);
			name = "Supporting Files";
			sourceTree = "<group>";
		};
/* End PBXGroup section */

/* Begin PBXNativeTarget section */
		C350585818E8D1B800D8B141 /* WildKingdom */ = {
			isa = PBXNativeTarget;
			buildConfigurationList = C350588B18E8D1B900D8B141 /* Build configuration list for PBXNativeTarget "WildKingdom" */;
			buildPhases = (
				C350585518E8D1B800D8B141 /* Sources */,
				C350585618E8D1B800D8B141 /* Frameworks */,
				C350585718E8D1B800D8B141 /* Resources */,
			);
			buildRules = (
			);
			dependencies = (
			);
			name = WildKingdom;
			productName = WildKingdom;
			productReference = C350585918E8D1B800D8B141 /* WildKingdom.app */;
			productType = "com.apple.product-type.application";
		};
		C350587918E8D1B900D8B141 /* WildKingdomTests */ = {
			isa = PBXNativeTarget;
			buildConfigurationList = C350588E18E8D1B900D8B141 /* Build configuration list for PBXNativeTarget "WildKingdomTests" */;
			buildPhases = (
				C350587618E8D1B900D8B141 /* Sources */,
				C350587718E8D1B900D8B141 /* Frameworks */,
				C350587818E8D1B900D8B141 /* Resources */,
			);
			buildRules = (
			);
			dependencies = (
				C350588018E8D1B900D8B141 /* PBXTargetDependency */,
			);
			name = WildKingdomTests;
			productName = WildKingdomTests;
			productReference = C350587A18E8D1B900D8B141 /* WildKingdomTests.xctest */;
			productType = "com.apple.product-type.bundle.unit-test";
		};
/* End PBXNativeTarget section */

/* Begin PBXProject section */
		C350585118E8D1B800D8B141 /* Project object */ = {
			isa = PBXProject;
			attributes = {
				CLASSPREFIX = FLX;
				LastUpgradeCheck = 0510;
				ORGANIZATIONNAME = FileLogix;
				TargetAttributes = {
					C350587918E8D1B900D8B141 = {
						TestTargetID = C350585818E8D1B800D8B141;
					};
				};
			};
			buildConfigurationList = C350585418E8D1B800D8B141 /* Build configuration list for PBXProject "WildKingdom" */;
			compatibilityVersion = "Xcode 3.2";
			developmentRegion = English;
			hasScannedForEncodings = 0;
			knownRegions = (
				en,
				Base,
			);
			mainGroup = C350585018E8D1B800D8B141;
			productRefGroup = C350585A18E8D1B800D8B141 /* Products */;
			projectDirPath = "";
			projectRoot = "";
			targets = (
				C350585818E8D1B800D8B141 /* WildKingdom */,
				C350587918E8D1B900D8B141 /* WildKingdomTests */,
			);
		};
/* End PBXProject section */

/* Begin PBXResourcesBuildPhase section */
		C350585718E8D1B800D8B141 /* Resources */ = {
			isa = PBXResourcesBuildPhase;
			buildActionMask = 2147483647;
			files = (
				C363D76D18E8D9CA0089B22E /* Images.xcassets in Resources */,
				C350586718E8D1B800D8B141 /* InfoPlist.strings in Resources */,
				C350587018E8D1B800D8B141 /* Main.storyboard in Resources */,
			);
			runOnlyForDeploymentPostprocessing = 0;
		};
		C350587818E8D1B900D8B141 /* Resources */ = {
			isa = PBXResourcesBuildPhase;
			buildActionMask = 2147483647;
			files = (
				C350588618E8D1B900D8B141 /* InfoPlist.strings in Resources */,
			);
			runOnlyForDeploymentPostprocessing = 0;
		};
/* End PBXResourcesBuildPhase section */

/* Begin PBXSourcesBuildPhase section */
		C350585518E8D1B800D8B141 /* Sources */ = {
			isa = PBXSourcesBuildPhase;
			buildActionMask = 2147483647;
			files = (
				C350586918E8D1B800D8B141 /* main.m in Sources */,
				C350586D18E8D1B800D8B141 /* FLXAppDelegate.m in Sources */,
				C350587318E8D1B800D8B141 /* FLXViewController.m in Sources */,
			);
			runOnlyForDeploymentPostprocessing = 0;
		};
		C350587618E8D1B900D8B141 /* Sources */ = {
			isa = PBXSourcesBuildPhase;
			buildActionMask = 2147483647;
			files = (
				C350588818E8D1B900D8B141 /* WildKingdomTests.m in Sources */,
			);
			runOnlyForDeploymentPostprocessing = 0;
		};
/* End PBXSourcesBuildPhase section */

/* Begin PBXTargetDependency section */
		C350588018E8D1B900D8B141 /* PBXTargetDependency */ = {
			isa = PBXTargetDependency;
			target = C350585818E8D1B800D8B141 /* WildKingdom */;
			targetProxy = C350587F18E8D1B900D8B141 /* PBXContainerItemProxy */;
		};
/* End PBXTargetDependency section */

/* Begin PBXVariantGroup section */
		C350586518E8D1B800D8B141 /* InfoPlist.strings */ = {
			isa = PBXVariantGroup;
			children = (
				C350586618E8D1B800D8B141 /* en */,
			);
			name = InfoPlist.strings;
			sourceTree = "<group>";
		};
		C350586E18E8D1B800D8B141 /* Main.storyboard */ = {
			isa = PBXVariantGroup;
			children = (
				C350586F18E8D1B800D8B141 /* Base */,
			);
			name = Main.storyboard;
			sourceTree = "<group>";
		};
		C350588418E8D1B900D8B141 /* InfoPlist.strings */ = {
			isa = PBXVariantGroup;
			children = (
				C350588518E8D1B900D8B141 /* en */,
			);
			name = InfoPlist.strings;
			sourceTree = "<group>";
		};
/* End PBXVariantGroup section */

/* Begin XCBuildConfiguration section */
		C350588918E8D1B900D8B141 /* Debug */ = {
			isa = XCBuildConfiguration;
			buildSettings = {
				ALWAYS_SEARCH_USER_PATHS = NO;
				CLANG_CXX_LANGUAGE_STANDARD = "gnu++0x";
				CLANG_CXX_LIBRARY = "libc++";
				CLANG_ENABLE_MODULES = YES;
				CLANG_ENABLE_OBJC_ARC = YES;
				CLANG_WARN_BOOL_CONVERSION = YES;
				CLANG_WARN_CONSTANT_CONVERSION = YES;
				CLANG_WARN_DIRECT_OBJC_ISA_USAGE = YES_ERROR;
				CLANG_WARN_EMPTY_BODY = YES;
				CLANG_WARN_ENUM_CONVERSION = YES;
				CLANG_WARN_INT_CONVERSION = YES;
				CLANG_WARN_OBJC_ROOT_CLASS = YES_ERROR;
				CLANG_WARN__DUPLICATE_METHOD_MATCH = YES;
				"CODE_SIGN_IDENTITY[sdk=iphoneos*]" = "iPhone Developer";
				COPY_PHASE_STRIP = NO;
				GCC_C_LANGUAGE_STANDARD = gnu99;
				GCC_DYNAMIC_NO_PIC = NO;
				GCC_OPTIMIZATION_LEVEL = 0;
				GCC_PREPROCESSOR_DEFINITIONS = (
					"DEBUG=1",
					"$(inherited)",
				);
				GCC_SYMBOLS_PRIVATE_EXTERN = NO;
				GCC_WARN_64_TO_32_BIT_CONVERSION = YES;
				GCC_WARN_ABOUT_RETURN_TYPE = YES_ERROR;
				GCC_WARN_UNDECLARED_SELECTOR = YES;
				GCC_WARN_UNINITIALIZED_AUTOS = YES_AGGRESSIVE;
				GCC_WARN_UNUSED_FUNCTION = YES;
				GCC_WARN_UNUSED_VARIABLE = YES;
				IPHONEOS_DEPLOYMENT_TARGET = 7.1;
				ONLY_ACTIVE_ARCH = YES;
				SDKROOT = iphoneos;
			};
			name = Debug;
		};
		C350588A18E8D1B900D8B141 /* Release */ = {
			isa = XCBuildConfiguration;
			buildSettings = {
				ALWAYS_SEARCH_USER_PATHS = NO;
				CLANG_CXX_LANGUAGE_STANDARD = "gnu++0x";
				CLANG_CXX_LIBRARY = "libc++";
				CLANG_ENABLE_MODULES = YES;
				CLANG_ENABLE_OBJC_ARC = YES;
				CLANG_WARN_BOOL_CONVERSION = YES;
				CLANG_WARN_CONSTANT_CONVERSION = YES;
				CLANG_WARN_DIRECT_OBJC_ISA_USAGE = YES_ERROR;
				CLANG_WARN_EMPTY_BODY = YES;
				CLANG_WARN_ENUM_CONVERSION = YES;
				CLANG_WARN_INT_CONVERSION = YES;
				CLANG_WARN_OBJC_ROOT_CLASS = YES_ERROR;
				CLANG_WARN__DUPLICATE_METHOD_MATCH = YES;
				"CODE_SIGN_IDENTITY[sdk=iphoneos*]" = "iPhone Developer";
				COPY_PHASE_STRIP = YES;
				ENABLE_NS_ASSERTIONS = NO;
				GCC_C_LANGUAGE_STANDARD = gnu99;
				GCC_WARN_64_TO_32_BIT_CONVERSION = YES;
				GCC_WARN_ABOUT_RETURN_TYPE = YES_ERROR;
				GCC_WARN_UNDECLARED_SELECTOR = YES;
				GCC_WARN_UNINITIALIZED_AUTOS = YES_AGGRESSIVE;
				GCC_WARN_UNUSED_FUNCTION = YES;
				GCC_WARN_UNUSED_VARIABLE = YES;
				IPHONEOS_DEPLOYMENT_TARGET = 7.1;
				SDKROOT = iphoneos;
				VALIDATE_PRODUCT = YES;
			};
			name = Release;
		};
		C350588C18E8D1B900D8B141 /* Debug */ = {
			isa = XCBuildConfiguration;
			buildSettings = {
				ASSETCATALOG_COMPILER_APPICON_NAME = AppIcon;
				ASSETCATALOG_COMPILER_LAUNCHIMAGE_NAME = LaunchImage;
				GCC_PRECOMPILE_PREFIX_HEADER = YES;
				GCC_PREFIX_HEADER = "WildKingdom/WildKingdom-Prefix.pch";
				INFOPLIST_FILE = "WildKingdom/WildKingdom-Info.plist";
				PRODUCT_NAME = "$(TARGET_NAME)";
				WRAPPER_EXTENSION = app;
			};
			name = Debug;
		};
		C350588D18E8D1B900D8B141 /* Release */ = {
			isa = XCBuildConfiguration;
			buildSettings = {
				ASSETCATALOG_COMPILER_APPICON_NAME = AppIcon;
				ASSETCATALOG_COMPILER_LAUNCHIMAGE_NAME = LaunchImage;
				GCC_PRECOMPILE_PREFIX_HEADER = YES;
				GCC_PREFIX_HEADER = "WildKingdom/WildKingdom-Prefix.pch";
				INFOPLIST_FILE = "WildKingdom/WildKingdom-Info.plist";
				PRODUCT_NAME = "$(TARGET_NAME)";
				WRAPPER_EXTENSION = app;
			};
			name = Release;
		};
		C350588F18E8D1B900D8B141 /* Debug */ = {
			isa = XCBuildConfiguration;
			buildSettings = {
				BUNDLE_LOADER = "$(BUILT_PRODUCTS_DIR)/WildKingdom.app/WildKingdom";
				FRAMEWORK_SEARCH_PATHS = (
					"$(SDKROOT)/Developer/Library/Frameworks",
					"$(inherited)",
					"$(DEVELOPER_FRAMEWORKS_DIR)",
				);
				GCC_PRECOMPILE_PREFIX_HEADER = YES;
				GCC_PREFIX_HEADER = "WildKingdom/WildKingdom-Prefix.pch";
				GCC_PREPROCESSOR_DEFINITIONS = (
					"DEBUG=1",
					"$(inherited)",
				);
				INFOPLIST_FILE = "WildKingdomTests/WildKingdomTests-Info.plist";
				PRODUCT_NAME = "$(TARGET_NAME)";
				TEST_HOST = "$(BUNDLE_LOADER)";
				WRAPPER_EXTENSION = xctest;
			};
			name = Debug;
		};
		C350589018E8D1B900D8B141 /* Release */ = {
			isa = XCBuildConfiguration;
			buildSettings = {
				BUNDLE_LOADER = "$(BUILT_PRODUCTS_DIR)/WildKingdom.app/WildKingdom";
				FRAMEWORK_SEARCH_PATHS = (
					"$(SDKROOT)/Developer/Library/Frameworks",
					"$(inherited)",
					"$(DEVELOPER_FRAMEWORKS_DIR)",
				);
				GCC_PRECOMPILE_PREFIX_HEADER = YES;
				GCC_PREFIX_HEADER = "WildKingdom/WildKingdom-Prefix.pch";
				INFOPLIST_FILE = "WildKingdomTests/WildKingdomTests-Info.plist";
				PRODUCT_NAME = "$(TARGET_NAME)";
				TEST_HOST = "$(BUNDLE_LOADER)";
				WRAPPER_EXTENSION = xctest;
			};
			name = Release;
		};
/* End XCBuildConfiguration section */

/* Begin XCConfigurationList section */
		C350585418E8D1B800D8B141 /* Build configuration list for PBXProject "WildKingdom" */ = {
			isa = XCConfigurationList;
			buildConfigurations = (
				C350588918E8D1B900D8B141 /* Debug */,
				C350588A18E8D1B900D8B141 /* Release */,
			);
			defaultConfigurationIsVisible = 0;
			defaultConfigurationName = Release;
		};
		C350588B18E8D1B900D8B141 /* Build configuration list for PBXNativeTarget "WildKingdom" */ = {
			isa = XCConfigurationList;
			buildConfigurations = (
				C350588C18E8D1B900D8B141 /* Debug */,
				C350588D18E8D1B900D8B141 /* Release */,
			);
			defaultConfigurationIsVisible = 0;
			defaultConfigurationName = Release;
		};
		C350588E18E8D1B900D8B141 /* Build configuration list for PBXNativeTarget "WildKingdomTests" */ = {
			isa = XCConfigurationList;
			buildConfigurations = (
				C350588F18E8D1B900D8B141 /* Debug */,
				C350589018E8D1B900D8B141 /* Release */,
			);
			defaultConfigurationIsVisible = 0;
			defaultConfigurationName = Release;
		};
/* End XCConfigurationList section */
	};
	rootObject = C350585118E8D1B800D8B141 /* Project object */;
}
